
Microsoft Visual Studio Solution File, Format Version 12.00
# Visual Studio Version 16
VisualStudioVersion = 16.0.30204.135
MinimumVisualStudioVersion = 10.0.40219.1
Project("{8BC9CEB8-8B4A-11D0-8D11-00A0C91BC942}") = "ITPP Question 6", "ITPP Question 6.vcxproj", "{5DB7BAB3-73B5-4678-BF39-E49677B8FD04}"
EndProject
Global
	GlobalSection(SolutionConfigurationPlatforms) = preSolution
		Debug|x64 = Debug|x64
		Debug|x86 = Debug|x86
		Release|x64 = Release|x64
		Release|x86 = Release|x86
	EndGlobalSection
	GlobalSection(ProjectConfigurationPlatforms) = postSolution
		{5DB7BAB3-73B5-4678-BF39-E49677B8FD04}.Debug|x64.ActiveCfg = Debug|x64
		{5DB7BAB3-73B5-4678-BF39-E49677B8FD04}.Debug|x64.Build.0 = Debug|x64
		{5DB7BAB3-73B5-4678-BF39-E49677B8FD04}.Debug|x86.ActiveCfg = Debug|Win32
		{5DB7BAB3-73B5-4678-BF39-E49677B8FD04}.Debug|x86.Build.0 = Debug|Win32
		{5DB7BAB3-73B5-4678-BF39-E49677B8FD04}.Release|x64.ActiveCfg = Release|x64
		{5DB7BAB3-73B5-4678-BF39-E49677B8FD04}.Release|x64.Build.0 = Release|x64
		{5DB7BAB3-73B5-4678-BF39-E49677B8FD04}.Release|x86.ActiveCfg = Release|Win32
		{5DB7BAB3-73B5-4678-BF39-E49677B8FD04}.Release|x86.Build.0 = Release|Win32
	EndGlobalSection
	GlobalSection(SolutionProperties) = preSolution
		HideSolutionNode = FALSE
	EndGlobalSection
	GlobalSection(ExtensibilityGlobals) = postSolution
		SolutionGuid = {4C8A3273-4D2D-487D-96A9-F881BA827EC8}
	EndGlobalSection
EndGlobal
